{
    "_readme": [
        "This file locks the dependencies of your project to a known state",
        "Read more about it at https://getcomposer.org/doc/01-basic-usage.md#installing-dependencies",
        "This file is @generated automatically"
    ],
    "content-hash": "5c25a6bad33457eb7f55a19f30a23006",
    "packages": [
        {
            "name": "firebase/php-jwt",
            "version": "dev-master",
            "source": {
                "type": "git",
                "url": "https://github.com/firebase/php-jwt.git",
                "reference": "bac0422822b92fe7a0ed1fc7b1b633d9efa37bae"
            },
            "dist": {
                "type": "zip",
                "url": "https://api.github.com/repos/firebase/php-jwt/zipball/bac0422822b92fe7a0ed1fc7b1b633d9efa37bae",
                "reference": "bac0422822b92fe7a0ed1fc7b1b633d9efa37bae",
                "shasum": ""
            },
            "require": {
                "php": ">=5.3.0"
            },
            "require-dev": {
                "phpunit/phpunit": " 4.8.35"
            },
            "type": "library",
            "autoload": {
                "psr-4": {
                    "Firebase\\JWT\\": "src"
                }
            },
            "notification-url": "https://packagist.org/downloads/",
            "license": [
                "BSD-3-Clause"
            ],
            "authors": [
                {
                    "name": "Neuman Vong",
                    "email": "neuman+pear@twilio.com",
                    "role": "Developer"
                },
                {
                    "name": "Anant Narayanan",
                    "email": "anant@php.net",
                    "role": "Developer"
                }
            ],
            "description": "A simple library to encode and decode JSON Web Tokens (JWT) in PHP. Should conform to the current spec.",
            "homepage": "https://github.com/firebase/php-jwt",
            "time": "2018-01-26T19:13:29+00:00"
        },
        {
            "name": "neoan3-apps/jwt",
            "version": "dev-master",
            "source": {
                "type": "git",
                "url": "https://github.com/sroehrl/neoan3-jwt.git",
                "reference": "d12e0c9e74e9d1175e69030a51254a38ddfc59cb"
            },
            "dist": {
                "type": "zip",
                "url": "https://api.github.com/repos/sroehrl/neoan3-jwt/zipball/d12e0c9e74e9d1175e69030a51254a38ddfc59cb",
                "reference": "d12e0c9e74e9d1175e69030a51254a38ddfc59cb",
                "shasum": ""
            },
            "require": {
                "firebase/php-jwt": "dev-master"
            },
            "type": "library",
            "autoload": {
                "psr-4": {
                    "Neoan3\\Apps\\": "./"
                }
            },
            "notification-url": "https://packagist.org/downloads/",
            "license": [
                "MIT"
            ],
            "authors": [
                {
                    "name": "Stefan Roehrl",
                    "homepage": "http://neoan.us"
                }
            ],
            "description": "neoan3 wrapper for JSON WEB TOKEN using Firebase",
            "time": "2019-05-30T21:32:45+00:00"
        }
    ],
    "packages-dev": [],
    "aliases": [],
    "minimum-stability": "dev",
    "stability-flags": {
        "neoan3-apps/jwt": 20
    },
    "prefer-stable": false,
    "prefer-lowest": false,
    "platform": [],
    "platform-dev": []
}
